
Microsoft Visual Studio Solution File, Format Version 12.00
# Visual Studio Version 16
VisualStudioVersion = 16.0.30204.135
MinimumVisualStudioVersion = 10.0.40219.1
Project("{FAE04EC0-301F-11D3-BF4B-00C04F79EFBC}") = "XmlParser.Core", "XmlParser.Core\XmlParser.Core.csproj", "{F6CC4760-6FC3-4EF8-8223-3B7AE6C4A962}"
EndProject
Global
	GlobalSection(SolutionConfigurationPlatforms) = preSolution
		Debug|Any CPU = Debug|Any CPU
		Release|Any CPU = Release|Any CPU
	EndGlobalSection
	GlobalSection(ProjectConfigurationPlatforms) = postSolution
		{F6CC4760-6FC3-4EF8-8223-3B7AE6C4A962}.Debug|Any CPU.ActiveCfg = Debug|Any CPU
		{F6CC4760-6FC3-4EF8-8223-3B7AE6C4A962}.Debug|Any CPU.Build.0 = Debug|Any CPU
		{F6CC4760-6FC3-4EF8-8223-3B7AE6C4A962}.Release|Any CPU.ActiveCfg = Release|Any CPU
		{F6CC4760-6FC3-4EF8-8223-3B7AE6C4A962}.Release|Any CPU.Build.0 = Release|Any CPU
	EndGlobalSection
	GlobalSection(SolutionProperties) = preSolution
		HideSolutionNode = FALSE
	EndGlobalSection
	GlobalSection(ExtensibilityGlobals) = postSolution
		SolutionGuid = {16AA8626-989D-4E3B-8500-1D00275CA8F0}
	EndGlobalSection
EndGlobal
